
Microsoft Visual Studio Solution File, Format Version 12.00
# Visual Studio 15
VisualStudioVersion = 15.0.27130.2010
MinimumVisualStudioVersion = 10.0.40219.1
Project("{FAE04EC0-301F-11D3-BF4B-00C04F79EFBC}") = "DragAndDrop", "DragAndDrop\DragAndDrop.csproj", "{BACBA375-EB5B-42CC-BDDD-8600F26D0155}"
EndProject
Project("{FAE04EC0-301F-11D3-BF4B-00C04F79EFBC}") = "Enabling Drag and Drop on a User Control", "Enabling Drag and Drop on a User Control\Enabling Drag and Drop on a User Control.csproj", "{4AAA1A50-CB0D-4D45-A3B8-1ADAFAA09001}"
EndProject
Global
	GlobalSection(SolutionConfigurationPlatforms) = preSolution
		Debug|Any CPU = Debug|Any CPU
		Release|Any CPU = Release|Any CPU
	EndGlobalSection
	GlobalSection(ProjectConfigurationPlatforms) = postSolution
		{BACBA375-EB5B-42CC-BDDD-8600F26D0155}.Debug|Any CPU.ActiveCfg = Debug|Any CPU
		{BACBA375-EB5B-42CC-BDDD-8600F26D0155}.Debug|Any CPU.Build.0 = Debug|Any CPU
		{BACBA375-EB5B-42CC-BDDD-8600F26D0155}.Release|Any CPU.ActiveCfg = Release|Any CPU
		{BACBA375-EB5B-42CC-BDDD-8600F26D0155}.Release|Any CPU.Build.0 = Release|Any CPU
		{4AAA1A50-CB0D-4D45-A3B8-1ADAFAA09001}.Debug|Any CPU.ActiveCfg = Debug|Any CPU
		{4AAA1A50-CB0D-4D45-A3B8-1ADAFAA09001}.Debug|Any CPU.Build.0 = Debug|Any CPU
		{4AAA1A50-CB0D-4D45-A3B8-1ADAFAA09001}.Release|Any CPU.ActiveCfg = Release|Any CPU
		{4AAA1A50-CB0D-4D45-A3B8-1ADAFAA09001}.Release|Any CPU.Build.0 = Release|Any CPU
	EndGlobalSection
	GlobalSection(SolutionProperties) = preSolution
		HideSolutionNode = FALSE
	EndGlobalSection
	GlobalSection(ExtensibilityGlobals) = postSolution
		SolutionGuid = {F9481F3C-90F3-486C-A0E2-2560B74B8ED4}
	EndGlobalSection
EndGlobal
