
Microsoft Visual Studio Solution File, Format Version 12.00
# Visual Studio 15
VisualStudioVersion = 15.0.27130.2010
MinimumVisualStudioVersion = 10.0.40219.1
Project("{FAE04EC0-301F-11D3-BF4B-00C04F79EFBC}") = "SendBase64", "Base64\SendBase64.csproj", "{6AF9680D-9249-4B30-8B4E-182AEA331F30}"
EndProject
Project("{FAE04EC0-301F-11D3-BF4B-00C04F79EFBC}") = "RecvBase64", "RecvBase64\RecvBase64.csproj", "{352FC341-9C0C-4182-8560-80E4A4D0B84B}"
EndProject
Project("{FAE04EC0-301F-11D3-BF4B-00C04F79EFBC}") = "ImageUtility", "ImageUtility\ImageUtility.csproj", "{F81F60BD-7AD0-426B-B818-2677B6AAEB9E}"
EndProject
Global
	GlobalSection(SolutionConfigurationPlatforms) = preSolution
		Debug|Any CPU = Debug|Any CPU
		Release|Any CPU = Release|Any CPU
	EndGlobalSection
	GlobalSection(ProjectConfigurationPlatforms) = postSolution
		{6AF9680D-9249-4B30-8B4E-182AEA331F30}.Debug|Any CPU.ActiveCfg = Debug|Any CPU
		{6AF9680D-9249-4B30-8B4E-182AEA331F30}.Debug|Any CPU.Build.0 = Debug|Any CPU
		{6AF9680D-9249-4B30-8B4E-182AEA331F30}.Release|Any CPU.ActiveCfg = Release|Any CPU
		{6AF9680D-9249-4B30-8B4E-182AEA331F30}.Release|Any CPU.Build.0 = Release|Any CPU
		{352FC341-9C0C-4182-8560-80E4A4D0B84B}.Debug|Any CPU.ActiveCfg = Debug|Any CPU
		{352FC341-9C0C-4182-8560-80E4A4D0B84B}.Debug|Any CPU.Build.0 = Debug|Any CPU
		{352FC341-9C0C-4182-8560-80E4A4D0B84B}.Release|Any CPU.ActiveCfg = Release|Any CPU
		{352FC341-9C0C-4182-8560-80E4A4D0B84B}.Release|Any CPU.Build.0 = Release|Any CPU
		{F81F60BD-7AD0-426B-B818-2677B6AAEB9E}.Debug|Any CPU.ActiveCfg = Debug|Any CPU
		{F81F60BD-7AD0-426B-B818-2677B6AAEB9E}.Debug|Any CPU.Build.0 = Debug|Any CPU
		{F81F60BD-7AD0-426B-B818-2677B6AAEB9E}.Release|Any CPU.ActiveCfg = Release|Any CPU
		{F81F60BD-7AD0-426B-B818-2677B6AAEB9E}.Release|Any CPU.Build.0 = Release|Any CPU
	EndGlobalSection
	GlobalSection(SolutionProperties) = preSolution
		HideSolutionNode = FALSE
	EndGlobalSection
	GlobalSection(ExtensibilityGlobals) = postSolution
		SolutionGuid = {D35359CA-15FE-4451-ACF2-0B1E806C3B2B}
	EndGlobalSection
EndGlobal
